// !$*UTF8*$!
{
	archiveVersion = 1;
	classes = {
	};
	objectVersion = 46;
	objects = {

/* Begin PBXBuildFile section */
		648E7604145A0781004AD965 /* Foundation.framework in Frameworks */ = {isa = PBXBuildFile; fileRef = 648E7603145A0781004AD965 /* Foundation.framework */; };
		648E7606145A0781004AD965 /* UIKit.framework in Frameworks */ = {isa = PBXBuildFile; fileRef = 648E7605145A0781004AD965 /* UIKit.framework */; };
		648E7608145A0781004AD965 /* CoreGraphics.framework in Frameworks */ = {isa = PBXBuildFile; fileRef = 648E7607145A0781004AD965 /* CoreGraphics.framework */; };
		648E760A145A0781004AD965 /* AddressBook.framework in Frameworks */ = {isa = PBXBuildFile; fileRef = 648E7609145A0781004AD965 /* AddressBook.framework */; };
		648E760C145A0781004AD965 /* AddressBookUI.framework in Frameworks */ = {isa = PBXBuildFile; fileRef = 648E760B145A0781004AD965 /* AddressBookUI.framework */; };
		648E760E145A0781004AD965 /* AudioToolbox.framework in Frameworks */ = {isa = PBXBuildFile; fileRef = 648E760D145A0781004AD965 /* AudioToolbox.framework */; };
		648E7610145A0781004AD965 /* AVFoundation.framework in Frameworks */ = {isa = PBXBuildFile; fileRef = 648E760F145A0781004AD965 /* AVFoundation.framework */; };
		648E7612145A0781004AD965 /* CoreLocation.framework in Frameworks */ = {isa = PBXBuildFile; fileRef = 648E7611145A0781004AD965 /* CoreLocation.framework */; };
		648E7614145A0781004AD965 /* MediaPlayer.framework in Frameworks */ = {isa = PBXBuildFile; fileRef = 648E7613145A0781004AD965 /* MediaPlayer.framework */; };
		648E7616145A0781004AD965 /* QuartzCore.framework in Frameworks */ = {isa = PBXBuildFile; fileRef = 648E7615145A0781004AD965 /* QuartzCore.framework */; };
		648E7618145A0781004AD965 /* SystemConfiguration.framework in Frameworks */ = {isa = PBXBuildFile; fileRef = 648E7617145A0781004AD965 /* SystemConfiguration.framework */; };
		648E761A145A0781004AD965 /* MobileCoreServices.framework in Frameworks */ = {isa = PBXBuildFile; fileRef = 648E7619145A0781004AD965 /* MobileCoreServices.framework */; };
		648E761C145A0781004AD965 /* CoreMedia.framework in Frameworks */ = {isa = PBXBuildFile; fileRef = 648E761B145A0781004AD965 /* CoreMedia.framework */; };
		648E7622145A0781004AD965 /* InfoPlist.strings in Resources */ = {isa = PBXBuildFile; fileRef = 648E7620145A0781004AD965 /* InfoPlist.strings */; };
		648E7624145A0781004AD965 /* main.m in Sources */ = {isa = PBXBuildFile; fileRef = 648E7623145A0781004AD965 /* main.m */; };
		648E7627145A0781004AD965 /* PhoneGap.framework in Frameworks */ = {isa = PBXBuildFile; fileRef = 648E7626145A0781004AD965 /* PhoneGap.framework */; };
		648E762C145A0781004AD965 /* Localizable.strings in Resources */ = {isa = PBXBuildFile; fileRef = 648E762A145A0781004AD965 /* Localizable.strings */; };
		648E7630145A0781004AD965 /* Localizable.strings in Resources */ = {isa = PBXBuildFile; fileRef = 648E762E145A0781004AD965 /* Localizable.strings */; };
		648E7633145A0781004AD965 /* icon.png in Resources */ = {isa = PBXBuildFile; fileRef = 648E7632145A0781004AD965 /* icon.png */; };
		648E7635145A0781004AD965 /* icon@2x.png in Resources */ = {isa = PBXBuildFile; fileRef = 648E7634145A0781004AD965 /* icon@2x.png */; };
		648E7637145A0781004AD965 /* icon-72.png in Resources */ = {isa = PBXBuildFile; fileRef = 648E7636145A0781004AD965 /* icon-72.png */; };
		648E763A145A0781004AD965 /* Default.png in Resources */ = {isa = PBXBuildFile; fileRef = 648E7639145A0781004AD965 /* Default.png */; };
		648E763C145A0781004AD965 /* Default@2x.png in Resources */ = {isa = PBXBuildFile; fileRef = 648E763B145A0781004AD965 /* Default@2x.png */; };
		648E763E145A0782004AD965 /* Capture.bundle in Resources */ = {isa = PBXBuildFile; fileRef = 648E763D145A0782004AD965 /* Capture.bundle */; };
		648E7640145A0782004AD965 /* PhoneGap.plist in Resources */ = {isa = PBXBuildFile; fileRef = 648E763F145A0782004AD965 /* PhoneGap.plist */; };
		648E7655145A07C8004AD965 /* FlurryCommand.m in Sources */ = {isa = PBXBuildFile; fileRef = 648E7652145A07C8004AD965 /* FlurryCommand.m */; };
		648E7656145A07C8004AD965 /* TouraAppDelegate.m in Sources */ = {isa = PBXBuildFile; fileRef = 648E7654145A07C8004AD965 /* TouraAppDelegate.m */; };
		648E7660145A07DA004AD965 /* ChildBrowser.bundle in Resources */ = {isa = PBXBuildFile; fileRef = 648E7657145A07DA004AD965 /* ChildBrowser.bundle */; };
		648E7661145A07DA004AD965 /* ChildBrowserCommand.m in Sources */ = {isa = PBXBuildFile; fileRef = 648E7659145A07DA004AD965 /* ChildBrowserCommand.m */; };
		648E7662145A07DA004AD965 /* ChildBrowserViewController.m in Sources */ = {isa = PBXBuildFile; fileRef = 648E765B145A07DA004AD965 /* ChildBrowserViewController.m */; };
		648E7663145A07DA004AD965 /* ChildBrowserViewController.xib in Resources */ = {isa = PBXBuildFile; fileRef = 648E765C145A07DA004AD965 /* ChildBrowserViewController.xib */; };
		648E7664145A07DA004AD965 /* PushNotification.m in Sources */ = {isa = PBXBuildFile; fileRef = 648E765F145A07DA004AD965 /* PushNotification.m */; };
		648E7669145A07F8004AD965 /* libFlurry.a in Frameworks */ = {isa = PBXBuildFile; fileRef = 648E7668145A07F8004AD965 /* libFlurry.a */; };
		648E766B145A0808004AD965 /* www in Resources */ = {isa = PBXBuildFile; fileRef = 648E766A145A0808004AD965 /* www */; };
		648E766D145A082D004AD965 /* UrbanAirship.plist in Resources */ = {isa = PBXBuildFile; fileRef = 648E766C145A082D004AD965 /* UrbanAirship.plist */; };
/* End PBXBuildFile section */

/* Begin PBXFileReference section */
		648E75FF145A0781004AD965 /* Toura-iPad.app */ = {isa = PBXFileReference; explicitFileType = wrapper.application; includeInIndex = 0; path = "Toura-iPad.app"; sourceTree = BUILT_PRODUCTS_DIR; };
		648E7603145A0781004AD965 /* Foundation.framework */ = {isa = PBXFileReference; lastKnownFileType = wrapper.framework; name = Foundation.framework; path = System/Library/Frameworks/Foundation.framework; sourceTree = SDKROOT; };
		648E7605145A0781004AD965 /* UIKit.framework */ = {isa = PBXFileReference; lastKnownFileType = wrapper.framework; name = UIKit.framework; path = System/Library/Frameworks/UIKit.framework; sourceTree = SDKROOT; };
		648E7607145A0781004AD965 /* CoreGraphics.framework */ = {isa = PBXFileReference; lastKnownFileType = wrapper.framework; name = CoreGraphics.framework; path = System/Library/Frameworks/CoreGraphics.framework; sourceTree = SDKROOT; };
		648E7609145A0781004AD965 /* AddressBook.framework */ = {isa = PBXFileReference; lastKnownFileType = wrapper.framework; name = AddressBook.framework; path = System/Library/Frameworks/AddressBook.framework; sourceTree = SDKROOT; };
		648E760B145A0781004AD965 /* AddressBookUI.framework */ = {isa = PBXFileReference; lastKnownFileType = wrapper.framework; name = AddressBookUI.framework; path = System/Library/Frameworks/AddressBookUI.framework; sourceTree = SDKROOT; };
		648E760D145A0781004AD965 /* AudioToolbox.framework */ = {isa = PBXFileReference; lastKnownFileType = wrapper.framework; name = AudioToolbox.framework; path = System/Library/Frameworks/AudioToolbox.framework; sourceTree = SDKROOT; };
		648E760F145A0781004AD965 /* AVFoundation.framework */ = {isa = PBXFileReference; lastKnownFileType = wrapper.framework; name = AVFoundation.framework; path = System/Library/Frameworks/AVFoundation.framework; sourceTree = SDKROOT; };
		648E7611145A0781004AD965 /* CoreLocation.framework */ = {isa = PBXFileReference; lastKnownFileType = wrapper.framework; name = CoreLocation.framework; path = System/Library/Frameworks/CoreLocation.framework; sourceTree = SDKROOT; };
		648E7613145A0781004AD965 /* MediaPlayer.framework */ = {isa = PBXFileReference; lastKnownFileType = wrapper.framework; name = MediaPlayer.framework; path = System/Library/Frameworks/MediaPlayer.framework; sourceTree = SDKROOT; };
		648E7615145A0781004AD965 /* QuartzCore.framework */ = {isa = PBXFileReference; lastKnownFileType = wrapper.framework; name = QuartzCore.framework; path = System/Library/Frameworks/QuartzCore.framework; sourceTree = SDKROOT; };
		648E7617145A0781004AD965 /* SystemConfiguration.framework */ = {isa = PBXFileReference; lastKnownFileType = wrapper.framework; name = SystemConfiguration.framework; path = System/Library/Frameworks/SystemConfiguration.framework; sourceTree = SDKROOT; };
		648E7619145A0781004AD965 /* MobileCoreServices.framework */ = {isa = PBXFileReference; lastKnownFileType = wrapper.framework; name = MobileCoreServices.framework; path = System/Library/Frameworks/MobileCoreServices.framework; sourceTree = SDKROOT; };
		648E761B145A0781004AD965 /* CoreMedia.framework */ = {isa = PBXFileReference; lastKnownFileType = wrapper.framework; name = CoreMedia.framework; path = System/Library/Frameworks/CoreMedia.framework; sourceTree = SDKROOT; };
		648E761F145A0781004AD965 /* Toura-Info.plist */ = {isa = PBXFileReference; lastKnownFileType = text.plist.xml; path = "Toura-Info.plist"; sourceTree = "<group>"; };
		648E7621145A0781004AD965 /* en */ = {isa = PBXFileReference; lastKnownFileType = text.plist.strings; name = en; path = en.lproj/InfoPlist.strings; sourceTree = "<group>"; };
		648E7623145A0781004AD965 /* main.m */ = {isa = PBXFileReference; lastKnownFileType = sourcecode.c.objc; path = main.m; sourceTree = "<group>"; };
		648E7625145A0781004AD965 /* Toura-Prefix.pch */ = {isa = PBXFileReference; lastKnownFileType = sourcecode.c.h; path = "Toura-Prefix.pch"; sourceTree = "<group>"; };
		648E7626145A0781004AD965 /* PhoneGap.framework */ = {isa = PBXFileReference; lastKnownFileType = wrapper.framework; name = PhoneGap.framework; path = /Users/Shared/PhoneGap/Frameworks/PhoneGap.framework; sourceTree = "<absolute>"; };
		648E762B145A0781004AD965 /* en */ = {isa = PBXFileReference; lastKnownFileType = text.plist.strings; name = en; path = Resources/en.lproj/Localizable.strings; sourceTree = "<group>"; };
		648E762F145A0781004AD965 /* es */ = {isa = PBXFileReference; lastKnownFileType = text.plist.strings; name = es; path = Resources/es.lproj/Localizable.strings; sourceTree = "<group>"; };
		648E7632145A0781004AD965 /* icon.png */ = {isa = PBXFileReference; lastKnownFileType = image.png; name = icon.png; path = Resources/icons/icon.png; sourceTree = "<group>"; };
		648E7634145A0781004AD965 /* icon@2x.png */ = {isa = PBXFileReference; lastKnownFileType = image.png; name = "icon@2x.png"; path = "Resources/icons/icon@2x.png"; sourceTree = "<group>"; };
		648E7636145A0781004AD965 /* icon-72.png */ = {isa = PBXFileReference; lastKnownFileType = image.png; name = "icon-72.png"; path = "Resources/icons/icon-72.png"; sourceTree = "<group>"; };
		648E7639145A0781004AD965 /* Default.png */ = {isa = PBXFileReference; lastKnownFileType = image.png; name = Default.png; path = Resources/splash/Default.png; sourceTree = "<group>"; };
		648E763B145A0781004AD965 /* Default@2x.png */ = {isa = PBXFileReference; lastKnownFileType = image.png; name = "Default@2x.png"; path = "Resources/splash/Default@2x.png"; sourceTree = "<group>"; };
		648E763D145A0782004AD965 /* Capture.bundle */ = {isa = PBXFileReference; lastKnownFileType = "wrapper.plug-in"; name = Capture.bundle; path = Resources/Capture.bundle; sourceTree = "<group>"; };
		648E763F145A0782004AD965 /* PhoneGap.plist */ = {isa = PBXFileReference; lastKnownFileType = text.plist.xml; path = PhoneGap.plist; sourceTree = "<group>"; };
		648E7646145A0782004AD965 /* README */ = {isa = PBXFileReference; lastKnownFileType = text; name = README; path = Plugins/README; sourceTree = "<group>"; };
		648E7651145A07C8004AD965 /* FlurryCommand.h */ = {isa = PBXFileReference; fileEncoding = 4; lastKnownFileType = sourcecode.c.h; name = FlurryCommand.h; path = Classes/FlurryCommand.h; sourceTree = "<group>"; };
		648E7652145A07C8004AD965 /* FlurryCommand.m */ = {isa = PBXFileReference; fileEncoding = 4; lastKnownFileType = sourcecode.c.objc; name = FlurryCommand.m; path = Classes/FlurryCommand.m; sourceTree = "<group>"; };
		648E7653145A07C8004AD965 /* TouraAppDelegate.h */ = {isa = PBXFileReference; fileEncoding = 4; lastKnownFileType = sourcecode.c.h; name = TouraAppDelegate.h; path = Classes/TouraAppDelegate.h; sourceTree = "<group>"; };
		648E7654145A07C8004AD965 /* TouraAppDelegate.m */ = {isa = PBXFileReference; fileEncoding = 4; lastKnownFileType = sourcecode.c.objc; name = TouraAppDelegate.m; path = Classes/TouraAppDelegate.m; sourceTree = "<group>"; };
		648E7657145A07DA004AD965 /* ChildBrowser.bundle */ = {isa = PBXFileReference; lastKnownFileType = "wrapper.plug-in"; name = ChildBrowser.bundle; path = Plugins/ChildBrowser.bundle; sourceTree = "<group>"; };
		648E7658145A07DA004AD965 /* ChildBrowserCommand.h */ = {isa = PBXFileReference; fileEncoding = 4; lastKnownFileType = sourcecode.c.h; name = ChildBrowserCommand.h; path = Plugins/ChildBrowserCommand.h; sourceTree = "<group>"; };
		648E7659145A07DA004AD965 /* ChildBrowserCommand.m */ = {isa = PBXFileReference; fileEncoding = 4; lastKnownFileType = sourcecode.c.objc; name = ChildBrowserCommand.m; path = Plugins/ChildBrowserCommand.m; sourceTree = "<group>"; };
		648E765A145A07DA004AD965 /* ChildBrowserViewController.h */ = {isa = PBXFileReference; fileEncoding = 4; lastKnownFileType = sourcecode.c.h; name = ChildBrowserViewController.h; path = Plugins/ChildBrowserViewController.h; sourceTree = "<group>"; };
		648E765B145A07DA004AD965 /* ChildBrowserViewController.m */ = {isa = PBXFileReference; fileEncoding = 4; lastKnownFileType = sourcecode.c.objc; name = ChildBrowserViewController.m; path = Plugins/ChildBrowserViewController.m; sourceTree = "<group>"; };
		648E765C145A07DA004AD965 /* ChildBrowserViewController.xib */ = {isa = PBXFileReference; fileEncoding = 4; lastKnownFileType = file.xib; name = ChildBrowserViewController.xib; path = Plugins/ChildBrowserViewController.xib; sourceTree = "<group>"; };
		648E765E145A07DA004AD965 /* PushNotification.h */ = {isa = PBXFileReference; fileEncoding = 4; lastKnownFileType = sourcecode.c.h; path = PushNotification.h; sourceTree = "<group>"; };
		648E765F145A07DA004AD965 /* PushNotification.m */ = {isa = PBXFileReference; fileEncoding = 4; lastKnownFileType = sourcecode.c.objc; path = PushNotification.m; sourceTree = "<group>"; };
		648E7666145A07F8004AD965 /* FlurryAdDelegate.h */ = {isa = PBXFileReference; fileEncoding = 4; lastKnownFileType = sourcecode.c.h; path = FlurryAdDelegate.h; sourceTree = "<group>"; };
		648E7667145A07F8004AD965 /* FlurryAPI.h */ = {isa = PBXFileReference; fileEncoding = 4; lastKnownFileType = sourcecode.c.h; path = FlurryAPI.h; sourceTree = "<group>"; };
		648E7668145A07F8004AD965 /* libFlurry.a */ = {isa = PBXFileReference; lastKnownFileType = archive.ar; path = libFlurry.a; sourceTree = "<group>"; };
		648E766A145A0808004AD965 /* www */ = {isa = PBXFileReference; lastKnownFileType = folder; path = www; sourceTree = "<group>"; };
		648E766C145A082D004AD965 /* UrbanAirship.plist */ = {isa = PBXFileReference; fileEncoding = 4; lastKnownFileType = text.plist.xml; path = UrbanAirship.plist; sourceTree = "<group>"; };
/* End PBXFileReference section */

/* Begin PBXFrameworksBuildPhase section */
		648E75F9145A0781004AD965 /* Frameworks */ = {
			isa = PBXFrameworksBuildPhase;
			buildActionMask = 2147483647;
			files = (
				648E7604145A0781004AD965 /* Foundation.framework in Frameworks */,
				648E7606145A0781004AD965 /* UIKit.framework in Frameworks */,
				648E7608145A0781004AD965 /* CoreGraphics.framework in Frameworks */,
				648E760A145A0781004AD965 /* AddressBook.framework in Frameworks */,
				648E760C145A0781004AD965 /* AddressBookUI.framework in Frameworks */,
				648E760E145A0781004AD965 /* AudioToolbox.framework in Frameworks */,
				648E7610145A0781004AD965 /* AVFoundation.framework in Frameworks */,
				648E7612145A0781004AD965 /* CoreLocation.framework in Frameworks */,
				648E7614145A0781004AD965 /* MediaPlayer.framework in Frameworks */,
				648E7616145A0781004AD965 /* QuartzCore.framework in Frameworks */,
				648E7618145A0781004AD965 /* SystemConfiguration.framework in Frameworks */,
				648E761A145A0781004AD965 /* MobileCoreServices.framework in Frameworks */,
				648E761C145A0781004AD965 /* CoreMedia.framework in Frameworks */,
				648E7627145A0781004AD965 /* PhoneGap.framework in Frameworks */,
				648E7669145A07F8004AD965 /* libFlurry.a in Frameworks */,
			);
			runOnlyForDeploymentPostprocessing = 0;
		};
		648E75FC145A0781004AD965 /* Frameworks */ = {
			isa = PBXFrameworksBuildPhase;
			buildActionMask = 2147483647;
			files = (
			);
			runOnlyForDeploymentPostprocessing = 0;
		};
/* End PBXFrameworksBuildPhase section */

/* Begin PBXGroup section */
		648E75F1145A0781004AD965 = {
			isa = PBXGroup;
			children = (
				648E766A145A0808004AD965 /* www */,
				648E761D145A0781004AD965 /* Toura */,
				648E7602145A0781004AD965 /* Frameworks */,
				648E7600145A0781004AD965 /* Products */,
			);
			sourceTree = "<group>";
		};
		648E7600145A0781004AD965 /* Products */ = {
			isa = PBXGroup;
			children = (
				648E75FF145A0781004AD965 /* Toura-iPad.app */,
			);
			name = Products;
			sourceTree = "<group>";
		};
		648E7602145A0781004AD965 /* Frameworks */ = {
			isa = PBXGroup;
			children = (
				648E7603145A0781004AD965 /* Foundation.framework */,
				648E7605145A0781004AD965 /* UIKit.framework */,
				648E7607145A0781004AD965 /* CoreGraphics.framework */,
				648E7609145A0781004AD965 /* AddressBook.framework */,
				648E760B145A0781004AD965 /* AddressBookUI.framework */,
				648E760D145A0781004AD965 /* AudioToolbox.framework */,
				648E760F145A0781004AD965 /* AVFoundation.framework */,
				648E7611145A0781004AD965 /* CoreLocation.framework */,
				648E7613145A0781004AD965 /* MediaPlayer.framework */,
				648E7615145A0781004AD965 /* QuartzCore.framework */,
				648E7617145A0781004AD965 /* SystemConfiguration.framework */,
				648E7619145A0781004AD965 /* MobileCoreServices.framework */,
				648E761B145A0781004AD965 /* CoreMedia.framework */,
			);
			name = Frameworks;
			sourceTree = "<group>";
		};
		648E761D145A0781004AD965 /* Toura */ = {
			isa = PBXGroup;
			children = (
				648E7665145A07F8004AD965 /* FlurryLib */,
				648E7626145A0781004AD965 /* PhoneGap.framework */,
				648E7628145A0781004AD965 /* Resources */,
				648E7641145A0782004AD965 /* Classes */,
				648E7645145A0782004AD965 /* Plugins */,
				648E761E145A0781004AD965 /* Supporting Files */,
			);
			path = Toura;
			sourceTree = "<group>";
		};
		648E761E145A0781004AD965 /* Supporting Files */ = {
			isa = PBXGroup;
			children = (
				648E766C145A082D004AD965 /* UrbanAirship.plist */,
				648E761F145A0781004AD965 /* Toura-Info.plist */,
				648E7620145A0781004AD965 /* InfoPlist.strings */,
				648E7623145A0781004AD965 /* main.m */,
				648E7625145A0781004AD965 /* Toura-Prefix.pch */,
				648E763F145A0782004AD965 /* PhoneGap.plist */,
			);
			name = "Supporting Files";
			sourceTree = "<group>";
		};
		648E7628145A0781004AD965 /* Resources */ = {
			isa = PBXGroup;
			children = (
				648E763D145A0782004AD965 /* Capture.bundle */,
				648E7629145A0781004AD965 /* en.lproj */,
				648E762D145A0781004AD965 /* es.lproj */,
				648E7631145A0781004AD965 /* icons */,
				648E7638145A0781004AD965 /* splash */,
			);
			name = Resources;
			sourceTree = "<group>";
		};
		648E7629145A0781004AD965 /* en.lproj */ = {
			isa = PBXGroup;
			children = (
				648E762A145A0781004AD965 /* Localizable.strings */,
			);
			name = en.lproj;
			sourceTree = "<group>";
		};
		648E762D145A0781004AD965 /* es.lproj */ = {
			isa = PBXGroup;
			children = (
				648E762E145A0781004AD965 /* Localizable.strings */,
			);
			name = es.lproj;
			sourceTree = "<group>";
		};
		648E7631145A0781004AD965 /* icons */ = {
			isa = PBXGroup;
			children = (
				648E7632145A0781004AD965 /* icon.png */,
				648E7634145A0781004AD965 /* icon@2x.png */,
				648E7636145A0781004AD965 /* icon-72.png */,
			);
			name = icons;
			sourceTree = "<group>";
		};
		648E7638145A0781004AD965 /* splash */ = {
			isa = PBXGroup;
			children = (
				648E7639145A0781004AD965 /* Default.png */,
				648E763B145A0781004AD965 /* Default@2x.png */,
			);
			name = splash;
			sourceTree = "<group>";
		};
		648E7641145A0782004AD965 /* Classes */ = {
			isa = PBXGroup;
			children = (
				648E7651145A07C8004AD965 /* FlurryCommand.h */,
				648E7652145A07C8004AD965 /* FlurryCommand.m */,
				648E7653145A07C8004AD965 /* TouraAppDelegate.h */,
				648E7654145A07C8004AD965 /* TouraAppDelegate.m */,
			);
			name = Classes;
			sourceTree = "<group>";
		};
		648E7645145A0782004AD965 /* Plugins */ = {
			isa = PBXGroup;
			children = (
				648E7657145A07DA004AD965 /* ChildBrowser.bundle */,
				648E7658145A07DA004AD965 /* ChildBrowserCommand.h */,
				648E7659145A07DA004AD965 /* ChildBrowserCommand.m */,
				648E765A145A07DA004AD965 /* ChildBrowserViewController.h */,
				648E765B145A07DA004AD965 /* ChildBrowserViewController.m */,
				648E765C145A07DA004AD965 /* ChildBrowserViewController.xib */,
				648E765D145A07DA004AD965 /* push */,
				648E7646145A0782004AD965 /* README */,
			);
			name = Plugins;
			sourceTree = "<group>";
		};
		648E765D145A07DA004AD965 /* push */ = {
			isa = PBXGroup;
			children = (
				648E765E145A07DA004AD965 /* PushNotification.h */,
				648E765F145A07DA004AD965 /* PushNotification.m */,
			);
			name = push;
			path = Plugins/push;
			sourceTree = "<group>";
		};
		648E7665145A07F8004AD965 /* FlurryLib */ = {
			isa = PBXGroup;
			children = (
				648E7666145A07F8004AD965 /* FlurryAdDelegate.h */,
				648E7667145A07F8004AD965 /* FlurryAPI.h */,
				648E7668145A07F8004AD965 /* libFlurry.a */,
			);
			path = FlurryLib;
			sourceTree = "<group>";
		};
/* End PBXGroup section */

/* Begin PBXNativeTarget section */
		648E75FE145A0781004AD965 /* Toura-iPad */ = {
			isa = PBXNativeTarget;
			buildConfigurationList = 648E7649145A0782004AD965 /* Build configuration list for PBXNativeTarget "Toura-iPad" */;
			buildPhases = (
				648E75F8145A0781004AD965 /* Sources */,
				648E75F9145A0781004AD965 /* Frameworks */,
				648E75FA145A0781004AD965 /* Resources */,
				648E75FB145A0781004AD965 /* Sources */,
				648E75FC145A0781004AD965 /* Frameworks */,
				648E75FD145A0781004AD965 /* ShellScript */,
			);
			buildRules = (
			);
			dependencies = (
			);
			name = "Toura-iPad";
			productName = "Toura-iPad";
			productReference = 648E75FF145A0781004AD965 /* Toura-iPad.app */;
			productType = "com.apple.product-type.application";
		};
/* End PBXNativeTarget section */

/* Begin PBXProject section */
		648E75F3145A0781004AD965 /* Project object */ = {
			isa = PBXProject;
			attributes = {
				LastUpgradeCheck = 0420;
			};
			buildConfigurationList = 648E75F6145A0781004AD965 /* Build configuration list for PBXProject "Toura-iPad" */;
			compatibilityVersion = "Xcode 3.2";
			developmentRegion = English;
			hasScannedForEncodings = 0;
			knownRegions = (
				en,
				es,
			);
			mainGroup = 648E75F1145A0781004AD965;
			productRefGroup = 648E7600145A0781004AD965 /* Products */;
			projectDirPath = "";
			projectRoot = "";
			targets = (
				648E75FE145A0781004AD965 /* Toura-iPad */,
			);
		};
/* End PBXProject section */

/* Begin PBXResourcesBuildPhase section */
		648E75FA145A0781004AD965 /* Resources */ = {
			isa = PBXResourcesBuildPhase;
			buildActionMask = 2147483647;
			files = (
				648E7622145A0781004AD965 /* InfoPlist.strings in Resources */,
				648E762C145A0781004AD965 /* Localizable.strings in Resources */,
				648E7630145A0781004AD965 /* Localizable.strings in Resources */,
				648E7633145A0781004AD965 /* icon.png in Resources */,
				648E7635145A0781004AD965 /* icon@2x.png in Resources */,
				648E7637145A0781004AD965 /* icon-72.png in Resources */,
				648E763A145A0781004AD965 /* Default.png in Resources */,
				648E763C145A0781004AD965 /* Default@2x.png in Resources */,
				648E763E145A0782004AD965 /* Capture.bundle in Resources */,
				648E7640145A0782004AD965 /* PhoneGap.plist in Resources */,
				648E7660145A07DA004AD965 /* ChildBrowser.bundle in Resources */,
				648E7663145A07DA004AD965 /* ChildBrowserViewController.xib in Resources */,
				648E766B145A0808004AD965 /* www in Resources */,
				648E766D145A082D004AD965 /* UrbanAirship.plist in Resources */,
			);
			runOnlyForDeploymentPostprocessing = 0;
		};
/* End PBXResourcesBuildPhase section */

/* Begin PBXShellScriptBuildPhase section */
		648E75FD145A0781004AD965 /* ShellScript */ = {
			isa = PBXShellScriptBuildPhase;
			buildActionMask = 2147483647;
			files = (
			);
			inputPaths = (
			);
			outputPaths = (
			);
			runOnlyForDeploymentPostprocessing = 0;
			shellPath = /bin/bash;
			shellScript = "\n\t\t\t\t\t\t\t\tif [ ! -d \"$PROJECT_DIR/www\" ] ; then\n\t\t\t\t\t\t\t\t\tcp -R /Users/Shared/PhoneGap/Frameworks/PhoneGap.framework/www \"$PROJECT_DIR\"\n\t\t\t\t\t\t\t\tfi\n\t\t\t\t\t\t\t\t# detect www folder reference in project, if missing, print warning\n\t\t\t\t\t\t\t\tgrep \"{isa = PBXFileReference; lastKnownFileType = folder; path = www; sourceTree = \\\"<group>\\\"; };\" \"$PROJECT_DIR/$PROJECT_NAME.xcodeproj/project.pbxproj\"\n\t\t\t\t\t\t\t\trc=$? \n\t\t\t\t\t\t\t\tif [ $rc != 0 ] ; then\n\t\t\t\t\t\t\t\techo -e \"warning: Missing - Add $PROJECT_DIR/www as a folder reference in your project. Just drag and drop the folder into your project, into the Project Navigator of Xcode 4. Make sure you select the second radio-button: 'Create folder references for any added folders' (which will create a blue folder)\" 1>&2\n\t\t\t\t\t\t\t\tfi\t\t\t\t\t\t\t";
		};
/* End PBXShellScriptBuildPhase section */

/* Begin PBXSourcesBuildPhase section */
		648E75F8145A0781004AD965 /* Sources */ = {
			isa = PBXSourcesBuildPhase;
			buildActionMask = 2147483647;
			files = (
				648E7624145A0781004AD965 /* main.m in Sources */,
				648E7655145A07C8004AD965 /* FlurryCommand.m in Sources */,
				648E7656145A07C8004AD965 /* TouraAppDelegate.m in Sources */,
				648E7661145A07DA004AD965 /* ChildBrowserCommand.m in Sources */,
				648E7662145A07DA004AD965 /* ChildBrowserViewController.m in Sources */,
				648E7664145A07DA004AD965 /* PushNotification.m in Sources */,
			);
			runOnlyForDeploymentPostprocessing = 0;
		};
		648E75FB145A0781004AD965 /* Sources */ = {
			isa = PBXSourcesBuildPhase;
			buildActionMask = 2147483647;
			files = (
			);
			runOnlyForDeploymentPostprocessing = 0;
		};
/* End PBXSourcesBuildPhase section */

/* Begin PBXVariantGroup section */
		648E7620145A0781004AD965 /* InfoPlist.strings */ = {
			isa = PBXVariantGroup;
			children = (
				648E7621145A0781004AD965 /* en */,
			);
			name = InfoPlist.strings;
			sourceTree = "<group>";
		};
		648E762A145A0781004AD965 /* Localizable.strings */ = {
			isa = PBXVariantGroup;
			children = (
				648E762B145A0781004AD965 /* en */,
			);
			name = Localizable.strings;
			sourceTree = "<group>";
		};
		648E762E145A0781004AD965 /* Localizable.strings */ = {
			isa = PBXVariantGroup;
			children = (
				648E762F145A0781004AD965 /* es */,
			);
			name = Localizable.strings;
			sourceTree = "<group>";
		};
/* End PBXVariantGroup section */

/* Begin XCBuildConfiguration section */
		648E7647145A0782004AD965 /* Debug */ = {
			isa = XCBuildConfiguration;
			buildSettings = {
				ALWAYS_SEARCH_USER_PATHS = NO;
				ARCHS = "$(ARCHS_STANDARD_32_BIT)";
				"CODE_SIGN_IDENTITY[sdk=iphoneos*]" = "iPhone Developer";
				COPY_PHASE_STRIP = NO;
				GCC_C_LANGUAGE_STANDARD = gnu99;
				GCC_DYNAMIC_NO_PIC = NO;
				GCC_OPTIMIZATION_LEVEL = 0;
				GCC_PREPROCESSOR_DEFINITIONS = (
					"DEBUG=1",
					"$(inherited)",
				);
				GCC_SYMBOLS_PRIVATE_EXTERN = NO;
				GCC_VERSION = com.apple.compilers.llvmgcc42;
				GCC_WARN_ABOUT_MISSING_PROTOTYPES = YES;
				GCC_WARN_ABOUT_RETURN_TYPE = YES;
				GCC_WARN_UNUSED_VARIABLE = YES;
				IPHONEOS_DEPLOYMENT_TARGET = 3.0;
				SDKROOT = iphoneos;
			};
			name = Debug;
		};
		648E7648145A0782004AD965 /* Release */ = {
			isa = XCBuildConfiguration;
			buildSettings = {
				ALWAYS_SEARCH_USER_PATHS = NO;
				ARCHS = "$(ARCHS_STANDARD_32_BIT)";
				"CODE_SIGN_IDENTITY[sdk=iphoneos*]" = "iPhone Developer";
				COPY_PHASE_STRIP = YES;
				GCC_C_LANGUAGE_STANDARD = gnu99;
				GCC_VERSION = com.apple.compilers.llvmgcc42;
				GCC_WARN_ABOUT_MISSING_PROTOTYPES = YES;
				GCC_WARN_ABOUT_RETURN_TYPE = YES;
				GCC_WARN_UNUSED_VARIABLE = YES;
				IPHONEOS_DEPLOYMENT_TARGET = 3.0;
				SDKROOT = iphoneos;
				VALIDATE_PRODUCT = YES;
			};
			name = Release;
		};
		648E764A145A0782004AD965 /* Debug */ = {
			isa = XCBuildConfiguration;
			buildSettings = {
				ALWAYS_SEARCH_USER_PATHS = YES;
				COPY_PHASE_STRIP = NO;
				FRAMEWORK_SEARCH_PATHS = /Users/Shared/PhoneGap/Frameworks;
				GCC_DYNAMIC_NO_PIC = NO;
				GCC_PRECOMPILE_PREFIX_HEADER = YES;
				GCC_PREFIX_HEADER = "Toura/Toura-Prefix.pch";
				GCC_PREPROCESSOR_DEFINITIONS = "PHONEGAP_FRAMEWORK=YES";
				GCC_VERSION = "";
				INFOPLIST_FILE = "Toura/Toura-Info.plist";
				IPHONEOS_DEPLOYMENT_TARGET = 4.0;
				LIBRARY_SEARCH_PATHS = (
					"$(inherited)",
					"\"$(SRCROOT)/Toura/FlurryLib\"",
				);
				OTHER_LDFLAGS = (
					"-weak_framework",
					UIKit,
					"-weak_framework",
					AVFoundation,
					"-weak_framework",
					CoreMedia,
					"-weak_library",
					/usr/lib/libSystem.B.dylib,
				);
				PRODUCT_NAME = "$(TARGET_NAME)";
				TARGETED_DEVICE_FAMILY = 2;
				WRAPPER_EXTENSION = app;
			};
			name = Debug;
		};
		648E764B145A0782004AD965 /* Release */ = {
			isa = XCBuildConfiguration;
			buildSettings = {
				ALWAYS_SEARCH_USER_PATHS = YES;
				COPY_PHASE_STRIP = YES;
				DEBUG_INFORMATION_FORMAT = "dwarf-with-dsym";
				FRAMEWORK_SEARCH_PATHS = /Users/Shared/PhoneGap/Frameworks;
				GCC_PRECOMPILE_PREFIX_HEADER = YES;
				GCC_PREFIX_HEADER = "Toura/Toura-Prefix.pch";
				GCC_PREPROCESSOR_DEFINITIONS = "PHONEGAP_FRAMEWORK=YES";
				GCC_VERSION = "";
				INFOPLIST_FILE = "Toura/Toura-Info.plist";
				IPHONEOS_DEPLOYMENT_TARGET = 4.0;
				LIBRARY_SEARCH_PATHS = (
					"$(inherited)",
					"\"$(SRCROOT)/Toura/FlurryLib\"",
				);
				OTHER_LDFLAGS = (
					"-weak_framework",
					UIKit,
					"-weak_framework",
					AVFoundation,
					"-weak_framework",
					CoreMedia,
					"-weak_library",
					/usr/lib/libSystem.B.dylib,
				);
				PRODUCT_NAME = "$(TARGET_NAME)";
				TARGETED_DEVICE_FAMILY = 2;
				VALIDATE_PRODUCT = YES;
				WRAPPER_EXTENSION = app;
			};
			name = Release;
		};
/* End XCBuildConfiguration section */

/* Begin XCConfigurationList section */
		648E75F6145A0781004AD965 /* Build configuration list for PBXProject "Toura-iPad" */ = {
			isa = XCConfigurationList;
			buildConfigurations = (
				648E7647145A0782004AD965 /* Debug */,
				648E7648145A0782004AD965 /* Release */,
			);
			defaultConfigurationIsVisible = 0;
			defaultConfigurationName = Release;
		};
		648E7649145A0782004AD965 /* Build configuration list for PBXNativeTarget "Toura-iPad" */ = {
			isa = XCConfigurationList;
			buildConfigurations = (
				648E764A145A0782004AD965 /* Debug */,
				648E764B145A0782004AD965 /* Release */,
			);
			defaultConfigurationIsVisible = 0;
			defaultConfigurationName = Release;
		};
/* End XCConfigurationList section */
	};
	rootObject = 648E75F3145A0781004AD965 /* Project object */;
}
